
Microsoft Visual Studio Solution File, Format Version 12.00
# Visual Studio Version 16
VisualStudioVersion = 16.0.30104.148
MinimumVisualStudioVersion = 10.0.40219.1
Project("{FAE04EC0-301F-11D3-BF4B-00C04F79EFBC}") = "SharpFluids", "SharpFluids\SharpFluids.csproj", "{E3010D72-97FB-46E0-AFB7-30ED4952D655}"
EndProject
Project("{FAE04EC0-301F-11D3-BF4B-00C04F79EFBC}") = "UnitsTests", "UnitsTests\UnitsTests.csproj", "{86975AB4-4D2A-493F-A634-A3F604E858A0}"
EndProject
Project("{FAE04EC0-301F-11D3-BF4B-00C04F79EFBC}") = "Sandbox", "Sandbox\Sandbox.csproj", "{A6D142E1-7F24-482E-80DF-30EDAE8BB233}"
EndProject
Project("{FAE04EC0-301F-11D3-BF4B-00C04F79EFBC}") = "SharpFluidsCore", "SharpFluidsCore\SharpFluidsCore.csproj", "{A1F193A6-D4FB-40B8-B253-F8FFBBDAD548}"
EndProject
Global
	GlobalSection(SolutionConfigurationPlatforms) = preSolution
		Debug|Any CPU = Debug|Any CPU
		Debug|x64 = Debug|x64
		Debug|x86 = Debug|x86
		Release|Any CPU = Release|Any CPU
		Release|x64 = Release|x64
		Release|x86 = Release|x86
	EndGlobalSection
	GlobalSection(ProjectConfigurationPlatforms) = postSolution
		{E3010D72-97FB-46E0-AFB7-30ED4952D655}.Debug|Any CPU.ActiveCfg = Debug|x86
		{E3010D72-97FB-46E0-AFB7-30ED4952D655}.Debug|Any CPU.Build.0 = Debug|x86
		{E3010D72-97FB-46E0-AFB7-30ED4952D655}.Debug|x64.ActiveCfg = Debug|x64
		{E3010D72-97FB-46E0-AFB7-30ED4952D655}.Debug|x64.Build.0 = Debug|x64
		{E3010D72-97FB-46E0-AFB7-30ED4952D655}.Debug|x86.ActiveCfg = Debug|x86
		{E3010D72-97FB-46E0-AFB7-30ED4952D655}.Debug|x86.Build.0 = Debug|x86
		{E3010D72-97FB-46E0-AFB7-30ED4952D655}.Release|Any CPU.ActiveCfg = Release|Any CPU
		{E3010D72-97FB-46E0-AFB7-30ED4952D655}.Release|Any CPU.Build.0 = Release|Any CPU
		{E3010D72-97FB-46E0-AFB7-30ED4952D655}.Release|x64.ActiveCfg = Release|x64
		{E3010D72-97FB-46E0-AFB7-30ED4952D655}.Release|x64.Build.0 = Release|x64
		{E3010D72-97FB-46E0-AFB7-30ED4952D655}.Release|x86.ActiveCfg = Release|x86
		{E3010D72-97FB-46E0-AFB7-30ED4952D655}.Release|x86.Build.0 = Release|x86
		{86975AB4-4D2A-493F-A634-A3F604E858A0}.Debug|Any CPU.ActiveCfg = Debug|x86
		{86975AB4-4D2A-493F-A634-A3F604E858A0}.Debug|Any CPU.Build.0 = Debug|x86
		{86975AB4-4D2A-493F-A634-A3F604E858A0}.Debug|x64.ActiveCfg = Debug|x64
		{86975AB4-4D2A-493F-A634-A3F604E858A0}.Debug|x64.Build.0 = Debug|x64
		{86975AB4-4D2A-493F-A634-A3F604E858A0}.Debug|x86.ActiveCfg = Debug|x86
		{86975AB4-4D2A-493F-A634-A3F604E858A0}.Debug|x86.Build.0 = Debug|x86
		{86975AB4-4D2A-493F-A634-A3F604E858A0}.Release|Any CPU.ActiveCfg = Release|Any CPU
		{86975AB4-4D2A-493F-A634-A3F604E858A0}.Release|Any CPU.Build.0 = Release|Any CPU
		{86975AB4-4D2A-493F-A634-A3F604E858A0}.Release|x64.ActiveCfg = Release|x64
		{86975AB4-4D2A-493F-A634-A3F604E858A0}.Release|x64.Build.0 = Release|x64
		{86975AB4-4D2A-493F-A634-A3F604E858A0}.Release|x86.ActiveCfg = Release|x86
		{86975AB4-4D2A-493F-A634-A3F604E858A0}.Release|x86.Build.0 = Release|x86
		{A6D142E1-7F24-482E-80DF-30EDAE8BB233}.Debug|Any CPU.ActiveCfg = Debug|x86
		{A6D142E1-7F24-482E-80DF-30EDAE8BB233}.Debug|Any CPU.Build.0 = Debug|x86
		{A6D142E1-7F24-482E-80DF-30EDAE8BB233}.Debug|x64.ActiveCfg = Debug|x64
		{A6D142E1-7F24-482E-80DF-30EDAE8BB233}.Debug|x64.Build.0 = Debug|x64
		{A6D142E1-7F24-482E-80DF-30EDAE8BB233}.Debug|x86.ActiveCfg = Debug|x86
		{A6D142E1-7F24-482E-80DF-30EDAE8BB233}.Debug|x86.Build.0 = Debug|x86
		{A6D142E1-7F24-482E-80DF-30EDAE8BB233}.Release|Any CPU.ActiveCfg = Release|Any CPU
		{A6D142E1-7F24-482E-80DF-30EDAE8BB233}.Release|Any CPU.Build.0 = Release|Any CPU
		{A6D142E1-7F24-482E-80DF-30EDAE8BB233}.Release|x64.ActiveCfg = Release|x64
		{A6D142E1-7F24-482E-80DF-30EDAE8BB233}.Release|x64.Build.0 = Release|x64
		{A6D142E1-7F24-482E-80DF-30EDAE8BB233}.Release|x86.ActiveCfg = Release|x86
		{A6D142E1-7F24-482E-80DF-30EDAE8BB233}.Release|x86.Build.0 = Release|x86
		{A1F193A6-D4FB-40B8-B253-F8FFBBDAD548}.Debug|Any CPU.ActiveCfg = Debug|Any CPU
		{A1F193A6-D4FB-40B8-B253-F8FFBBDAD548}.Debug|Any CPU.Build.0 = Debug|Any CPU
		{A1F193A6-D4FB-40B8-B253-F8FFBBDAD548}.Debug|x64.ActiveCfg = Debug|Any CPU
		{A1F193A6-D4FB-40B8-B253-F8FFBBDAD548}.Debug|x64.Build.0 = Debug|Any CPU
		{A1F193A6-D4FB-40B8-B253-F8FFBBDAD548}.Debug|x86.ActiveCfg = Debug|Any CPU
		{A1F193A6-D4FB-40B8-B253-F8FFBBDAD548}.Debug|x86.Build.0 = Debug|Any CPU
		{A1F193A6-D4FB-40B8-B253-F8FFBBDAD548}.Release|Any CPU.ActiveCfg = Release|Any CPU
		{A1F193A6-D4FB-40B8-B253-F8FFBBDAD548}.Release|Any CPU.Build.0 = Release|Any CPU
		{A1F193A6-D4FB-40B8-B253-F8FFBBDAD548}.Release|x64.ActiveCfg = Release|Any CPU
		{A1F193A6-D4FB-40B8-B253-F8FFBBDAD548}.Release|x64.Build.0 = Release|Any CPU
		{A1F193A6-D4FB-40B8-B253-F8FFBBDAD548}.Release|x86.ActiveCfg = Release|Any CPU
		{A1F193A6-D4FB-40B8-B253-F8FFBBDAD548}.Release|x86.Build.0 = Release|Any CPU
	EndGlobalSection
	GlobalSection(SolutionProperties) = preSolution
		HideSolutionNode = FALSE
	EndGlobalSection
	GlobalSection(ExtensibilityGlobals) = postSolution
		SolutionGuid = {78CECB36-392D-448F-A251-CA32765DFE08}
	EndGlobalSection
EndGlobal
